{
  "name": "feinit",
  "version": "0.1.0",
  "lockfileVersion": 1,
  "requires": true,
  "dependencies": {
    "ansi-regex": {
      "version": "2.1.1",
      "resolved": "http://registry.npm.taobao.org/ansi-regex/download/ansi-regex-2.1.1.tgz",
      "integrity": "sha1-w7M6te42DYbg5ijwRorn7yfWVN8=",
      "dev": true
    },
    "ansi-styles": {
      "version": "2.2.1",
      "resolved": "http://registry.npm.taobao.org/ansi-styles/download/ansi-styles-2.2.1.tgz",
      "integrity": "sha1-tDLdM1i2NM914eRmQ2gkBTPB3b4=",
      "dev": true
    },
    "async-validator": {
      "version": "1.8.2",
      "resolved": "http://registry.npm.taobao.org/async-validator/download/async-validator-1.8.2.tgz",
      "integrity": "sha1-t3WXIm6WJC+NUxwNRq4pX2JCK6Q=",
      "requires": {
        "babel-runtime": "6.26.0"
      }
    },
    "babel-helper-vue-jsx-merge-props": {
      "version": "2.0.3",
      "resolved": "http://registry.npm.taobao.org/babel-helper-vue-jsx-merge-props/download/babel-helper-vue-jsx-merge-props-2.0.3.tgz",
      "integrity": "sha1-Iq69OzOQIyjlEyk6jkmSs4T58bY="
    },
    "babel-runtime": {
      "version": "6.26.0",
      "resolved": "http://registry.npm.taobao.org/babel-runtime/download/babel-runtime-6.26.0.tgz",
      "integrity": "sha1-llxwWGaOgrVde/4E/yM3vItWR/4=",
      "requires": {
        "core-js": "2.5.3",
        "regenerator-runtime": "0.11.1"
      }
    },
    "chalk": {
      "version": "1.1.3",
      "resolved": "http://registry.npm.taobao.org/chalk/download/chalk-1.1.3.tgz",
      "integrity": "sha1-qBFcVeSnAv5NFQq9OHKCKn4J/Jg=",
      "dev": true,
      "requires": {
        "ansi-styles": "2.2.1",
        "escape-string-regexp": "1.0.5",
        "has-ansi": "2.0.0",
        "strip-ansi": "3.0.1",
        "supports-color": "2.0.0"
      },
      "dependencies": {
        "supports-color": {
          "version": "2.0.0",
          "resolved": "http://registry.npm.taobao.org/supports-color/download/supports-color-2.0.0.tgz",
          "integrity": "sha1-U10EXOa2Nj+kARcIRimZXp3zJMc=",
          "dev": true
        }
      }
    },
    "core-js": {
      "version": "2.5.3",
      "resolved": "http://registry.npm.taobao.org/core-js/download/core-js-2.5.3.tgz",
      "integrity": "sha1-isw4NFgk8W2DZbfJtCWRaOjtYD4="
    },
    "deepmerge": {
      "version": "1.5.2",
      "resolved": "http://registry.npm.taobao.org/deepmerge/download/deepmerge-1.5.2.tgz",
      "integrity": "sha1-EEmdhohEza1P7ghC34x/bwyVp1M="
    },
    "element-ui": {
      "version": "2.2.2",
      "resolved": "http://registry.npm.taobao.org/element-ui/download/element-ui-2.2.2.tgz",
      "integrity": "sha1-QJNdVeLrAH5qXS52b8S8wiZutXE=",
      "requires": {
        "async-validator": "1.8.2",
        "babel-helper-vue-jsx-merge-props": "2.0.3",
        "deepmerge": "1.5.2",
        "normalize-wheel": "1.0.1",
        "throttle-debounce": "1.0.1"
      }
    },
    "escape-string-regexp": {
      "version": "1.0.5",
      "resolved": "http://registry.npm.taobao.org/escape-string-regexp/download/escape-string-regexp-1.0.5.tgz",
      "integrity": "sha1-G2HAViGQqN/2rjuyzwIAyhMLhtQ=",
      "dev": true
    },
    "has-ansi": {
      "version": "2.0.0",
      "resolved": "http://registry.npm.taobao.org/has-ansi/download/has-ansi-2.0.0.tgz",
      "integrity": "sha1-NPUEnOHs3ysGSa8+8k5F7TVBbZE=",
      "dev": true,
      "requires": {
        "ansi-regex": "2.1.1"
      }
    },
    "has-flag": {
      "version": "1.0.0",
      "resolved": "http://registry.npm.taobao.org/has-flag/download/has-flag-1.0.0.tgz",
      "integrity": "sha1-nZ55MWXOAXoA8AQYxD+UKnsdEfo=",
      "dev": true
    },
    "js-base64": {
      "version": "2.4.3",
      "resolved": "http://registry.npm.taobao.org/js-base64/download/js-base64-2.4.3.tgz",
      "integrity": "sha1-LlRewrDylX9BNWUQIFIU6Y+tZYI=",
      "dev": true
    },
    "normalize-wheel": {
      "version": "1.0.1",
      "resolved": "http://registry.npm.taobao.org/normalize-wheel/download/normalize-wheel-1.0.1.tgz",
      "integrity": "sha1-rsiGr/2wRQcNhWRH32Ls+GFG7EU="
    },
    "object-assign": {
      "version": "4.1.1",
      "resolved": "http://registry.npm.taobao.org/object-assign/download/object-assign-4.1.1.tgz",
      "integrity": "sha1-IQmtx5ZYh8/AXLvUQsrIv7s2CGM=",
      "dev": true
    },
    "postcss": {
      "version": "5.2.18",
      "resolved": "http://registry.npm.taobao.org/postcss/download/postcss-5.2.18.tgz",
      "integrity": "sha1-ut+hSX1GJE9jkPWLMZgw2RB4U8U=",
      "dev": true,
      "requires": {
        "chalk": "1.1.3",
        "js-base64": "2.4.3",
        "source-map": "0.5.7",
        "supports-color": "3.2.3"
      }
    },
    "postcss-px-to-viewport": {
      "version": "0.0.3",
      "resolved": "http://npm.byted.org/postcss-px-to-viewport/-/postcss-px-to-viewport-0.0.3.tgz",
      "integrity": "sha1-dhJZryCtcK2wH1A2lzNydteDE2M=",
      "dev": true,
      "requires": {
        "object-assign": "4.1.1",
        "postcss": "5.2.18"
      }
    },
    "postcss-viewport-units": {
      "version": "0.1.4",
      "resolved": "http://npm.byted.org/postcss-viewport-units/-/postcss-viewport-units-0.1.4.tgz",
      "integrity": "sha1-M9w/muZZp6WuXqiJyDYSpSbFKpo=",
      "dev": true,
      "requires": {
        "postcss": "5.2.18"
      }
    },
    "prettier": {
      "version": "1.11.1",
      "resolved": "http://npm.byted.org/prettier/-/prettier-1.11.1.tgz",
      "integrity": "sha1-YeQ/xM1E5o8rDfwsOM1LsPzNzHU=",
      "dev": true
    },
    "regenerator-runtime": {
      "version": "0.11.1",
      "resolved": "http://registry.npm.taobao.org/regenerator-runtime/download/regenerator-runtime-0.11.1.tgz",
      "integrity": "sha1-vgWtf5v30i4Fb5cmzuUBf78Z4uk="
    },
    "source-map": {
      "version": "0.5.7",
      "resolved": "http://registry.npm.taobao.org/source-map/download/source-map-0.5.7.tgz",
      "integrity": "sha1-igOdLRAh0i0eoUyA2OpGi6LvP8w=",
      "dev": true
    },
    "strip-ansi": {
      "version": "3.0.1",
      "resolved": "http://registry.npm.taobao.org/strip-ansi/download/strip-ansi-3.0.1.tgz",
      "integrity": "sha1-ajhfuIU9lS1f8F0Oiq+UJ43GPc8=",
      "dev": true,
      "requires": {
        "ansi-regex": "2.1.1"
      }
    },
    "supports-color": {
      "version": "3.2.3",
      "resolved": "http://registry.npm.taobao.org/supports-color/download/supports-color-3.2.3.tgz",
      "integrity": "sha1-ZawFBLOVQXHYpklGsq48u4pfVPY=",
      "dev": true,
      "requires": {
        "has-flag": "1.0.0"
      }
    },
    "throttle-debounce": {
      "version": "1.0.1",
      "resolved": "http://registry.npm.taobao.org/throttle-debounce/download/throttle-debounce-1.0.1.tgz",
      "integrity": "sha1-2tD+Ew+drzcZ/eoz3Dao5rp/MLU="
    }
  }
}
